# GENERATED — do not edit by hand. Regenerate with:
#
#     scripts/regenerate_lockfiles.sh
#
# The fully resolved install set for requirements.txt, produced by pip's own resolver
# inside the base image this project publishes from. 43 of these are
# pinned by requirements.txt; the other 80 are transitive and were chosen by
# the resolver, which is exactly why they are written down here.
#
# The two published architectures resolve this set identically, which is what
# makes one file sufficient. `scripts/regenerate_lockfiles.sh` re-checks that
# before writing, so the day it stops being true is the day it is noticed.
#
# No hashes: this makes the build repeatable, not the artifacts verified. See
# "Supply-chain posture for Python dependencies" in SECURITY.md.

acme==5.8.0
aniso8601==10.0.1
annotated-types==0.8.0
anyio==4.15.1
apscheduler==3.11.3
attrs==26.1.0
authlib==1.8.0
azure-common==1.1.28
azure-core==1.41.0
azure-identity==1.25.3
azure-mgmt-core==1.6.0
azure-mgmt-dns==8.1.0
bcrypt==5.0.0
beautifulsoup4==4.15.0
blinker==1.9.0
boto3==1.43.103
botocore==1.43.106
certbot==5.8.0
certbot-dns-arvancloud==0.1.0
certbot-dns-cloudflare==5.8.0
certbot-dns-desec==1.3.2
certbot-dns-digitalocean==5.8.0
certbot-dns-dnsmadeeasy==5.8.0
certbot-dns-duckdns==1.8.0
certbot-dns-gandi==1.6.2
certbot-dns-godaddy==2.8.0
certbot-dns-google==5.8.0
certbot-dns-hetzner==2.0.1
certbot-dns-hetzner-cloud==1.0.5
certbot-dns-infomaniak==0.2.4
certbot-dns-linode==5.8.0
certbot-dns-nsone==5.8.0
certbot-dns-ovh==5.8.0
certbot-dns-porkbun==0.11.0
certbot-dns-rfc2136==5.8.0
certbot-dns-route53==5.8.0
certbot-dns-vultr==1.1.0
certbot-plugin-edgedns==0.1.0
certifi==2026.7.22
cffi==2.1.1
charset-normalizer==3.5.2
click==8.5.0
cloudflare==5.8.0
configargparse==1.8.0
configobj==5.0.9
cryptography==50.0.2
distro==1.9.0
dns-lexicon==3.25.1
dnspython==2.8.0
edgegrid-python==2.0.8
filelock==4.0.8
flask==3.1.3
flask-cors==6.0.5
flask-restx==1.3.2
google-api-core==2.40.0
google-api-python-client==2.201.0
google-auth==2.59.1
google-auth-httplib2==0.4.3
google-cloud-core==2.8.0
google-cloud-dns==0.37.1
googleapis-common-protos==1.75.5
gunicorn==26.2.0
h11==0.16.0
hcloud==2.25.1
httpcore==1.0.9
httplib2==0.32.0
httpx==0.28.1
idna==3.20
importlib-resources==7.1.0
isodate==0.7.2
itsdangerous==2.2.0
jinja2==3.1.6
jmespath==1.1.0
josepy==2.2.0
joserfc==1.7.5
jsonpickle==4.1.2
jsonschema==4.26.0
jsonschema-specifications==2025.9.1
markupsafe==3.0.3
mock==5.2.0
msal==1.39.0
msal-extensions==1.3.1
opentelemetry-api==1.45.0
parsedatetime==2.6
pkb-client==2.3.1
prometheus-client==0.26.0
proto-plus==1.29.0
protobuf==7.36.2
pyasn1==0.6.4
pyasn1-modules==0.4.2
pycparser==3.0
pydantic==2.13.5
pydantic-core==2.46.5
pyjwt==2.15.1
pyopenssl==26.4.0
pyotp==2.10.0
pyparsing==3.3.3
pyrfc3339==2.1.0
python-dateutil==2.9.0.post0
python-digitalocean==1.17.0
python-dotenv==1.2.3
pyyaml==6.0.3
referencing==0.37.0
requests==2.34.2
requests-file==3.0.1
requests-mock==1.12.1
requests-toolbelt==1.0.0
requests-unixsocket==0.4.1
rpds-py==2026.6.3
s3transfer==0.19.2
setuptools==84.0.0
six==1.17.0
sniffio==1.3.1
soupsieve==2.10
sqlalchemy==2.1.1
tldextract==5.3.2
typing-extensions==4.16.0
typing-inspection==0.4.4
tzlocal==5.4.4
uritemplate==4.2.0
urllib3==2.8.0
werkzeug==3.1.9
zope-interface==8.6
